<?xml version="1.0" encoding="UTF-8" standalone="yes" ?>
<CodeBlocks_project_file>
	<FileVersion major="1" minor="6" />
	<Project>
		<Option title="test_project" />
		<Option pch_mode="2" />
		<Option compiler="gcc" />
		<Build>
			<Target title="Debug">
				<Option output="bin/Debug/test_project" prefix_auto="1" extension_auto="1" />
				<Option object_output="obj/Debug/" />
				<Option type="1" />
				<Option compiler="gcc" />
				<Compiler>
					<Add option="-std=c++17" />
					<Add option="-g" />
					<Add directory="./" />
					<Add directory="src" />
					<Add directory="src/Menu" />
					<Add directory="src/Round_Corner_Rectangle" />
					<Add directory="src/Slider" />
				</Compiler>
			</Target>
			<Target title="Release">
				<Option output="bin/Release/test_project" prefix_auto="1" extension_auto="1" />
				<Option object_output="obj/Release/" />
				<Option type="1" />
				<Option compiler="gcc" />
				<Compiler>
					<Add option="-O2" />
					<Add directory="./" />
				</Compiler>
				<Linker>
					<Add option="-s" />
				</Linker>
			</Target>
		</Build>
		<Compiler>
			<Add option="-Wall" />
			<Add option="-fexceptions" />
		</Compiler>
		<Unit filename="main.cpp" />
		<Unit filename="src/Menu/Menu.cpp" />
		<Unit filename="src/Menu/Menu.h" />
		<Unit filename="src/Round_Corner_Rectangle/RoundCornerRect.cpp" />
		<Unit filename="src/Round_Corner_Rectangle/RoundCornerRect.h" />
		<Unit filename="src/Slider/Slider.cpp" />
		<Unit filename="src/Slider/Slider.h" />
		<Extensions>
			<lib_finder disable_auto="1" />
		</Extensions>
	</Project>
</CodeBlocks_project_file>
